
Microsoft Visual Studio Solution File, Format Version 12.00
# Visual Studio Version 17
VisualStudioVersion = 17.14.36429.23 d17.14
MinimumVisualStudioVersion = 10.0.40219.1
Project("{FAE04EC0-301F-11D3-BF4B-00C04F79EFBC}") = "LAB 1", "LAB 1\LAB 1.csproj", "{8F789180-E218-4E00-A4D3-94E681EBE68B}"
EndProject
Project("{FAE04EC0-301F-11D3-BF4B-00C04F79EFBC}") = "Model", "Model\Model.csproj", "{CD25A185-9D8C-4AAD-AD9D-630351638287}"
EndProject
Global
	GlobalSection(SolutionConfigurationPlatforms) = preSolution
		Debug|Any CPU = Debug|Any CPU
		Release|Any CPU = Release|Any CPU
	EndGlobalSection
	GlobalSection(ProjectConfigurationPlatforms) = postSolution
		{8F789180-E218-4E00-A4D3-94E681EBE68B}.Debug|Any CPU.ActiveCfg = Debug|Any CPU
		{8F789180-E218-4E00-A4D3-94E681EBE68B}.Debug|Any CPU.Build.0 = Debug|Any CPU
		{8F789180-E218-4E00-A4D3-94E681EBE68B}.Release|Any CPU.ActiveCfg = Release|Any CPU
		{8F789180-E218-4E00-A4D3-94E681EBE68B}.Release|Any CPU.Build.0 = Release|Any CPU
		{CD25A185-9D8C-4AAD-AD9D-630351638287}.Debug|Any CPU.ActiveCfg = Debug|Any CPU
		{CD25A185-9D8C-4AAD-AD9D-630351638287}.Debug|Any CPU.Build.0 = Debug|Any CPU
		{CD25A185-9D8C-4AAD-AD9D-630351638287}.Release|Any CPU.ActiveCfg = Release|Any CPU
		{CD25A185-9D8C-4AAD-AD9D-630351638287}.Release|Any CPU.Build.0 = Release|Any CPU
	EndGlobalSection
	GlobalSection(SolutionProperties) = preSolution
		HideSolutionNode = FALSE
	EndGlobalSection
	GlobalSection(ExtensibilityGlobals) = postSolution
		SolutionGuid = {EC7ED068-46A7-485D-91E5-F9F656B250CE}
	EndGlobalSection
EndGlobal
