
Microsoft Visual Studio Solution File, Format Version 12.00
# Visual Studio Version 17
VisualStudioVersion = 17.14.36429.23
MinimumVisualStudioVersion = 10.0.40219.1
Project("{FAE04EC0-301F-11D3-BF4B-00C04F79EFBC}") = "View", "Lab4\View.csproj", "{B0AEFD7C-3B56-44CD-B7A4-76F702BEEA65}"
EndProject
Project("{FAE04EC0-301F-11D3-BF4B-00C04F79EFBC}") = "Model", "Model\Model.csproj", "{AD4DEA8D-C565-4CAE-8913-61E51958F8E9}"
EndProject
Global
	GlobalSection(SolutionConfigurationPlatforms) = preSolution
		Debug|Any CPU = Debug|Any CPU
		Release|Any CPU = Release|Any CPU
	EndGlobalSection
	GlobalSection(ProjectConfigurationPlatforms) = postSolution
		{B0AEFD7C-3B56-44CD-B7A4-76F702BEEA65}.Debug|Any CPU.ActiveCfg = Debug|Any CPU
		{B0AEFD7C-3B56-44CD-B7A4-76F702BEEA65}.Debug|Any CPU.Build.0 = Debug|Any CPU
		{B0AEFD7C-3B56-44CD-B7A4-76F702BEEA65}.Release|Any CPU.ActiveCfg = Release|Any CPU
		{B0AEFD7C-3B56-44CD-B7A4-76F702BEEA65}.Release|Any CPU.Build.0 = Release|Any CPU
		{AD4DEA8D-C565-4CAE-8913-61E51958F8E9}.Debug|Any CPU.ActiveCfg = Debug|Any CPU
		{AD4DEA8D-C565-4CAE-8913-61E51958F8E9}.Debug|Any CPU.Build.0 = Debug|Any CPU
		{AD4DEA8D-C565-4CAE-8913-61E51958F8E9}.Release|Any CPU.ActiveCfg = Release|Any CPU
		{AD4DEA8D-C565-4CAE-8913-61E51958F8E9}.Release|Any CPU.Build.0 = Release|Any CPU
	EndGlobalSection
	GlobalSection(SolutionProperties) = preSolution
		HideSolutionNode = FALSE
	EndGlobalSection
	GlobalSection(ExtensibilityGlobals) = postSolution
		SolutionGuid = {A0CC3923-97F4-44A6-8574-44810CE17F5A}
	EndGlobalSection
EndGlobal
